// !$*UTF8*$!
{
	archiveVersion = 1;
	classes = {
	};
	objectVersion = 50;
	objects = {

/* Begin PBXBuildFile section */
		C3143947206FEE7F002409C8 /* StatusViewController.swift in Sources */ = {isa = PBXBuildFile; fileRef = C3143946206FEE7F002409C8 /* StatusViewController.swift */; };
		C3143949206FFC9E002409C8 /* TracerViewController.swift in Sources */ = {isa = PBXBuildFile; fileRef = C3143948206FFC9E002409C8 /* TracerViewController.swift */; };
		C314394D207040F4002409C8 /* String+HeightExtension.swift in Sources */ = {isa = PBXBuildFile; fileRef = C314394C207040F4002409C8 /* String+HeightExtension.swift */; };
		C314394F20705638002409C8 /* CircularTransition.swift in Sources */ = {isa = PBXBuildFile; fileRef = C314394E20705638002409C8 /* CircularTransition.swift */; };
		C314395120705A66002409C8 /* BotFadeTransition.swift in Sources */ = {isa = PBXBuildFile; fileRef = C314395020705A66002409C8 /* BotFadeTransition.swift */; };
		C3287C62206F34260073A9D6 /* CurrentContainer.swift in Sources */ = {isa = PBXBuildFile; fileRef = C3287C61206F34260073A9D6 /* CurrentContainer.swift */; };
		C3287C64206F344F0073A9D6 /* ScoreArithmeticHUD.swift in Sources */ = {isa = PBXBuildFile; fileRef = C3287C63206F344F0073A9D6 /* ScoreArithmeticHUD.swift */; };
		C3287C66206F3F660073A9D6 /* TutorialViewController.swift in Sources */ = {isa = PBXBuildFile; fileRef = C3287C65206F3F660073A9D6 /* TutorialViewController.swift */; };
		C3287C68206FB8C90073A9D6 /* UnderlineLabel.swift in Sources */ = {isa = PBXBuildFile; fileRef = C3287C67206FB8C90073A9D6 /* UnderlineLabel.swift */; };
		C32C2DB620696CA400A5F418 /* Theme.swift in Sources */ = {isa = PBXBuildFile; fileRef = C32C2DB520696CA400A5F418 /* Theme.swift */; };
		C32C2DB820696D0000A5F418 /* ConsoleView.swift in Sources */ = {isa = PBXBuildFile; fileRef = C32C2DB720696D0000A5F418 /* ConsoleView.swift */; };
		C32C2DBA2069790D00A5F418 /* FlatButton.swift in Sources */ = {isa = PBXBuildFile; fileRef = C32C2DB92069790D00A5F418 /* FlatButton.swift */; };
		C32C2DC2206A9DC500A5F418 /* Graph.swift in Sources */ = {isa = PBXBuildFile; fileRef = C32C2DC1206A9DC500A5F418 /* Graph.swift */; };
		C32C2DC4206AC37700A5F418 /* Utils.swift in Sources */ = {isa = PBXBuildFile; fileRef = C32C2DC3206AC37700A5F418 /* Utils.swift */; };
		C32C2DC8206AEA8E00A5F418 /* Sort.swift in Sources */ = {isa = PBXBuildFile; fileRef = C32C2DC7206AEA8E00A5F418 /* Sort.swift */; };
		C32C2DCA206B459400A5F418 /* OutputTracer.swift in Sources */ = {isa = PBXBuildFile; fileRef = C32C2DC9206B459400A5F418 /* OutputTracer.swift */; };
		C32E30D22069437D00D55114 /* AppDelegate.swift in Sources */ = {isa = PBXBuildFile; fileRef = C32E30D12069437D00D55114 /* AppDelegate.swift */; };
		C32E30D42069437D00D55114 /* ViewController.swift in Sources */ = {isa = PBXBuildFile; fileRef = C32E30D32069437D00D55114 /* ViewController.swift */; };
		C32E30D72069437D00D55114 /* Main.storyboard in Resources */ = {isa = PBXBuildFile; fileRef = C32E30D52069437D00D55114 /* Main.storyboard */; };
		C32E30D92069437F00D55114 /* Assets.xcassets in Resources */ = {isa = PBXBuildFile; fileRef = C32E30D82069437F00D55114 /* Assets.xcassets */; };
		C32E30DC2069437F00D55114 /* LaunchScreen.storyboard in Resources */ = {isa = PBXBuildFile; fileRef = C32E30DA2069437F00D55114 /* LaunchScreen.storyboard */; };
		C32E30E42069438900D55114 /* Bot.swift in Sources */ = {isa = PBXBuildFile; fileRef = C32E30E32069438900D55114 /* Bot.swift */; };
		C32E30E7206945F700D55114 /* UIBezierPath+Extension.swift in Sources */ = {isa = PBXBuildFile; fileRef = C32E30E5206945F600D55114 /* UIBezierPath+Extension.swift */; };
		C32E30E8206945F700D55114 /* UIColor+FlatColorExtension.swift in Sources */ = {isa = PBXBuildFile; fileRef = C32E30E6206945F700D55114 /* UIColor+FlatColorExtension.swift */; };
		C32E30EC206951AE00D55114 /* CircularProgress.swift in Sources */ = {isa = PBXBuildFile; fileRef = C32E30EB206951AE00D55114 /* CircularProgress.swift */; };
		C3690244206C86AD00367606 /* CGMutablePath+addArrowLine.swift in Sources */ = {isa = PBXBuildFile; fileRef = C3690243206C86AD00367606 /* CGMutablePath+addArrowLine.swift */; };
		C3690246206D175700367606 /* ForceDirectedGraph.swift in Sources */ = {isa = PBXBuildFile; fileRef = C3690245206D175700367606 /* ForceDirectedGraph.swift */; };
		C3690248206D1E7300367606 /* GraphViewController.swift in Sources */ = {isa = PBXBuildFile; fileRef = C3690247206D1E7300367606 /* GraphViewController.swift */; };
		C395718B206E966900993BC3 /* CodeVisualizer.swift in Sources */ = {isa = PBXBuildFile; fileRef = C395718A206E966900993BC3 /* CodeVisualizer.swift */; };
		C395718D206E972B00993BC3 /* CodeString.swift in Sources */ = {isa = PBXBuildFile; fileRef = C395718C206E972B00993BC3 /* CodeString.swift */; };
		C3B2A0A2206DE3250013A8EF /* BarView.swift in Sources */ = {isa = PBXBuildFile; fileRef = C3B2A0A1206DE3250013A8EF /* BarView.swift */; };
		C3B2A0A6206E65980013A8EF /* BarViewController.swift in Sources */ = {isa = PBXBuildFile; fileRef = C3B2A0A5206E65980013A8EF /* BarViewController.swift */; };
		C3B2A0A8206E67DB0013A8EF /* Collection+Shuffle.swift in Sources */ = {isa = PBXBuildFile; fileRef = C3B2A0A7206E67DB0013A8EF /* Collection+Shuffle.swift */; };
		C3B2A0AA206E8FB80013A8EF /* Pointer.swift in Sources */ = {isa = PBXBuildFile; fileRef = C3B2A0A9206E8FB80013A8EF /* Pointer.swift */; };
		C3EAFF66206C11CA0033CB89 /* QuadTree.swift in Sources */ = {isa = PBXBuildFile; fileRef = C3EAFF65206C11CA0033CB89 /* QuadTree.swift */; };
		C3EAFF68206C134D0033CB89 /* Particles+View.swift in Sources */ = {isa = PBXBuildFile; fileRef = C3EAFF67206C134D0033CB89 /* Particles+View.swift */; };
		C3EAFF6A206C158A0033CB89 /* Center+Force.swift in Sources */ = {isa = PBXBuildFile; fileRef = C3EAFF69206C158A0033CB89 /* Center+Force.swift */; };
		C3EAFF6D206C22F80033CB89 /* System+Links.swift in Sources */ = {isa = PBXBuildFile; fileRef = C3EAFF6C206C22F80033CB89 /* System+Links.swift */; };
/* End PBXBuildFile section */

/* Begin PBXFileReference section */
		C3143946206FEE7F002409C8 /* StatusViewController.swift */ = {isa = PBXFileReference; lastKnownFileType = sourcecode.swift; path = StatusViewController.swift; sourceTree = "<group>"; };
		C3143948206FFC9E002409C8 /* TracerViewController.swift */ = {isa = PBXFileReference; lastKnownFileType = sourcecode.swift; path = TracerViewController.swift; sourceTree = "<group>"; };
		C314394C207040F4002409C8 /* String+HeightExtension.swift */ = {isa = PBXFileReference; lastKnownFileType = sourcecode.swift; path = "String+HeightExtension.swift"; sourceTree = "<group>"; };
		C314394E20705638002409C8 /* CircularTransition.swift */ = {isa = PBXFileReference; lastKnownFileType = sourcecode.swift; path = CircularTransition.swift; sourceTree = "<group>"; };
		C314395020705A66002409C8 /* BotFadeTransition.swift */ = {isa = PBXFileReference; fileEncoding = 4; lastKnownFileType = sourcecode.swift; path = BotFadeTransition.swift; sourceTree = "<group>"; };
		C3287C61206F34260073A9D6 /* CurrentContainer.swift */ = {isa = PBXFileReference; lastKnownFileType = sourcecode.swift; path = CurrentContainer.swift; sourceTree = "<group>"; };
		C3287C63206F344F0073A9D6 /* ScoreArithmeticHUD.swift */ = {isa = PBXFileReference; lastKnownFileType = sourcecode.swift; path = ScoreArithmeticHUD.swift; sourceTree = "<group>"; };
		C3287C65206F3F660073A9D6 /* TutorialViewController.swift */ = {isa = PBXFileReference; lastKnownFileType = sourcecode.swift; path = TutorialViewController.swift; sourceTree = "<group>"; };
		C3287C67206FB8C90073A9D6 /* UnderlineLabel.swift */ = {isa = PBXFileReference; lastKnownFileType = sourcecode.swift; path = UnderlineLabel.swift; sourceTree = "<group>"; };
		C32C2DB520696CA400A5F418 /* Theme.swift */ = {isa = PBXFileReference; lastKnownFileType = sourcecode.swift; path = Theme.swift; sourceTree = "<group>"; };
		C32C2DB720696D0000A5F418 /* ConsoleView.swift */ = {isa = PBXFileReference; lastKnownFileType = sourcecode.swift; path = ConsoleView.swift; sourceTree = "<group>"; };
		C32C2DB92069790D00A5F418 /* FlatButton.swift */ = {isa = PBXFileReference; lastKnownFileType = sourcecode.swift; path = FlatButton.swift; sourceTree = "<group>"; };
		C32C2DC1206A9DC500A5F418 /* Graph.swift */ = {isa = PBXFileReference; lastKnownFileType = sourcecode.swift; path = Graph.swift; sourceTree = "<group>"; };
		C32C2DC3206AC37700A5F418 /* Utils.swift */ = {isa = PBXFileReference; lastKnownFileType = sourcecode.swift; path = Utils.swift; sourceTree = "<group>"; };
		C32C2DC7206AEA8E00A5F418 /* Sort.swift */ = {isa = PBXFileReference; lastKnownFileType = sourcecode.swift; path = Sort.swift; sourceTree = "<group>"; };
		C32C2DC9206B459400A5F418 /* OutputTracer.swift */ = {isa = PBXFileReference; lastKnownFileType = sourcecode.swift; path = OutputTracer.swift; sourceTree = "<group>"; };
		C32E30CE2069437D00D55114 /* algoGameTest.app */ = {isa = PBXFileReference; explicitFileType = wrapper.application; includeInIndex = 0; path = algoGameTest.app; sourceTree = BUILT_PRODUCTS_DIR; };
		C32E30D12069437D00D55114 /* AppDelegate.swift */ = {isa = PBXFileReference; lastKnownFileType = sourcecode.swift; path = AppDelegate.swift; sourceTree = "<group>"; };
		C32E30D32069437D00D55114 /* ViewController.swift */ = {isa = PBXFileReference; lastKnownFileType = sourcecode.swift; path = ViewController.swift; sourceTree = "<group>"; };
		C32E30D62069437D00D55114 /* Base */ = {isa = PBXFileReference; lastKnownFileType = file.storyboard; name = Base; path = Base.lproj/Main.storyboard; sourceTree = "<group>"; };
		C32E30D82069437F00D55114 /* Assets.xcassets */ = {isa = PBXFileReference; lastKnownFileType = folder.assetcatalog; path = Assets.xcassets; sourceTree = "<group>"; };
		C32E30DB2069437F00D55114 /* Base */ = {isa = PBXFileReference; lastKnownFileType = file.storyboard; name = Base; path = Base.lproj/LaunchScreen.storyboard; sourceTree = "<group>"; };
		C32E30DD2069437F00D55114 /* Info.plist */ = {isa = PBXFileReference; lastKnownFileType = text.plist.xml; path = Info.plist; sourceTree = "<group>"; };
		C32E30E32069438900D55114 /* Bot.swift */ = {isa = PBXFileReference; fileEncoding = 4; lastKnownFileType = sourcecode.swift; path = Bot.swift; sourceTree = "<group>"; };
		C32E30E5206945F600D55114 /* UIBezierPath+Extension.swift */ = {isa = PBXFileReference; fileEncoding = 4; lastKnownFileType = sourcecode.swift; path = "UIBezierPath+Extension.swift"; sourceTree = "<group>"; };
		C32E30E6206945F700D55114 /* UIColor+FlatColorExtension.swift */ = {isa = PBXFileReference; fileEncoding = 4; lastKnownFileType = sourcecode.swift; path = "UIColor+FlatColorExtension.swift"; sourceTree = "<group>"; };
		C32E30EB206951AE00D55114 /* CircularProgress.swift */ = {isa = PBXFileReference; lastKnownFileType = sourcecode.swift; path = CircularProgress.swift; sourceTree = "<group>"; };
		C3690243206C86AD00367606 /* CGMutablePath+addArrowLine.swift */ = {isa = PBXFileReference; lastKnownFileType = sourcecode.swift; path = "CGMutablePath+addArrowLine.swift"; sourceTree = "<group>"; };
		C3690245206D175700367606 /* ForceDirectedGraph.swift */ = {isa = PBXFileReference; lastKnownFileType = sourcecode.swift; path = ForceDirectedGraph.swift; sourceTree = "<group>"; };
		C3690247206D1E7300367606 /* GraphViewController.swift */ = {isa = PBXFileReference; lastKnownFileType = sourcecode.swift; path = GraphViewController.swift; sourceTree = "<group>"; };
		C395718A206E966900993BC3 /* CodeVisualizer.swift */ = {isa = PBXFileReference; lastKnownFileType = sourcecode.swift; path = CodeVisualizer.swift; sourceTree = "<group>"; };
		C395718C206E972B00993BC3 /* CodeString.swift */ = {isa = PBXFileReference; lastKnownFileType = sourcecode.swift; path = CodeString.swift; sourceTree = "<group>"; };
		C3B2A0A1206DE3250013A8EF /* BarView.swift */ = {isa = PBXFileReference; lastKnownFileType = sourcecode.swift; path = BarView.swift; sourceTree = "<group>"; };
		C3B2A0A5206E65980013A8EF /* BarViewController.swift */ = {isa = PBXFileReference; lastKnownFileType = sourcecode.swift; path = BarViewController.swift; sourceTree = "<group>"; };
		C3B2A0A7206E67DB0013A8EF /* Collection+Shuffle.swift */ = {isa = PBXFileReference; fileEncoding = 4; lastKnownFileType = sourcecode.swift; path = "Collection+Shuffle.swift"; sourceTree = "<group>"; };
		C3B2A0A9206E8FB80013A8EF /* Pointer.swift */ = {isa = PBXFileReference; lastKnownFileType = sourcecode.swift; path = Pointer.swift; sourceTree = "<group>"; };
		C3EAFF65206C11CA0033CB89 /* QuadTree.swift */ = {isa = PBXFileReference; lastKnownFileType = sourcecode.swift; path = QuadTree.swift; sourceTree = "<group>"; };
		C3EAFF67206C134D0033CB89 /* Particles+View.swift */ = {isa = PBXFileReference; lastKnownFileType = sourcecode.swift; path = "Particles+View.swift"; sourceTree = "<group>"; };
		C3EAFF69206C158A0033CB89 /* Center+Force.swift */ = {isa = PBXFileReference; lastKnownFileType = sourcecode.swift; path = "Center+Force.swift"; sourceTree = "<group>"; };
		C3EAFF6C206C22F80033CB89 /* System+Links.swift */ = {isa = PBXFileReference; lastKnownFileType = sourcecode.swift; path = "System+Links.swift"; sourceTree = "<group>"; };
/* End PBXFileReference section */

/* Begin PBXFrameworksBuildPhase section */
		C32E30CB2069437D00D55114 /* Frameworks */ = {
			isa = PBXFrameworksBuildPhase;
			buildActionMask = 2147483647;
			files = (
			);
			runOnlyForDeploymentPostprocessing = 0;
		};
/* End PBXFrameworksBuildPhase section */

/* Begin PBXGroup section */
		C314394A20702932002409C8 /* Controllers */ = {
			isa = PBXGroup;
			children = (
				C32E30D32069437D00D55114 /* ViewController.swift */,
				C3690247206D1E7300367606 /* GraphViewController.swift */,
				C3B2A0A5206E65980013A8EF /* BarViewController.swift */,
				C3287C65206F3F660073A9D6 /* TutorialViewController.swift */,
				C3143946206FEE7F002409C8 /* StatusViewController.swift */,
				C3143948206FFC9E002409C8 /* TracerViewController.swift */,
			);
			path = Controllers;
			sourceTree = "<group>";
		};
		C314394B20702954002409C8 /* Models */ = {
			isa = PBXGroup;
			children = (
				C32C2DC1206A9DC500A5F418 /* Graph.swift */,
				C3EAFF65206C11CA0033CB89 /* QuadTree.swift */,
				C32C2DC7206AEA8E00A5F418 /* Sort.swift */,
			);
			path = Models;
			sourceTree = "<group>";
		};
		C32E30C52069437D00D55114 = {
			isa = PBXGroup;
			children = (
				C32E30D02069437D00D55114 /* algoGameTest */,
				C32E30CF2069437D00D55114 /* Products */,
			);
			sourceTree = "<group>";
		};
		C32E30CF2069437D00D55114 /* Products */ = {
			isa = PBXGroup;
			children = (
				C32E30CE2069437D00D55114 /* algoGameTest.app */,
			);
			name = Products;
			sourceTree = "<group>";
		};
		C32E30D02069437D00D55114 /* algoGameTest */ = {
			isa = PBXGroup;
			children = (
				C32E30D12069437D00D55114 /* AppDelegate.swift */,
				C314394A20702932002409C8 /* Controllers */,
				C314394B20702954002409C8 /* Models */,
				C3EAFF6F206C29720033CB89 /* Views */,
				C3EAFF6E206C29530033CB89 /* Utils */,
				C32E30D52069437D00D55114 /* Main.storyboard */,
				C32E30D82069437F00D55114 /* Assets.xcassets */,
				C32E30DA2069437F00D55114 /* LaunchScreen.storyboard */,
				C32E30DD2069437F00D55114 /* Info.plist */,
			);
			path = algoGameTest;
			sourceTree = "<group>";
		};
		C3EAFF6B206C1E000033CB89 /* ForceDirectedGraph */ = {
			isa = PBXGroup;
			children = (
				C3EAFF67206C134D0033CB89 /* Particles+View.swift */,
				C3EAFF69206C158A0033CB89 /* Center+Force.swift */,
				C3690245206D175700367606 /* ForceDirectedGraph.swift */,
				C3EAFF6C206C22F80033CB89 /* System+Links.swift */,
			);
			path = ForceDirectedGraph;
			sourceTree = "<group>";
		};
		C3EAFF6E206C29530033CB89 /* Utils */ = {
			isa = PBXGroup;
			children = (
				C32C2DC3206AC37700A5F418 /* Utils.swift */,
				C32E30E5206945F600D55114 /* UIBezierPath+Extension.swift */,
				C314394E20705638002409C8 /* CircularTransition.swift */,
				C314395020705A66002409C8 /* BotFadeTransition.swift */,
				C3B2A0A7206E67DB0013A8EF /* Collection+Shuffle.swift */,
				C3287C67206FB8C90073A9D6 /* UnderlineLabel.swift */,
				C395718C206E972B00993BC3 /* CodeString.swift */,
				C314394C207040F4002409C8 /* String+HeightExtension.swift */,
				C32C2DB520696CA400A5F418 /* Theme.swift */,
				C3690243206C86AD00367606 /* CGMutablePath+addArrowLine.swift */,
				C32E30E6206945F700D55114 /* UIColor+FlatColorExtension.swift */,
			);
			path = Utils;
			sourceTree = "<group>";
		};
		C3EAFF6F206C29720033CB89 /* Views */ = {
			isa = PBXGroup;
			children = (
				C32E30E32069438900D55114 /* Bot.swift */,
				C32C2DB92069790D00A5F418 /* FlatButton.swift */,
				C3B2A0A9206E8FB80013A8EF /* Pointer.swift */,
				C32C2DC9206B459400A5F418 /* OutputTracer.swift */,
				C3B2A0A1206DE3250013A8EF /* BarView.swift */,
				C395718A206E966900993BC3 /* CodeVisualizer.swift */,
				C3287C63206F344F0073A9D6 /* ScoreArithmeticHUD.swift */,
				C3287C61206F34260073A9D6 /* CurrentContainer.swift */,
				C32E30EB206951AE00D55114 /* CircularProgress.swift */,
				C32C2DB720696D0000A5F418 /* ConsoleView.swift */,
				C3EAFF6B206C1E000033CB89 /* ForceDirectedGraph */,
			);
			path = Views;
			sourceTree = "<group>";
		};
/* End PBXGroup section */

/* Begin PBXNativeTarget section */
		C32E30CD2069437D00D55114 /* algoGameTest */ = {
			isa = PBXNativeTarget;
			buildConfigurationList = C32E30E02069437F00D55114 /* Build configuration list for PBXNativeTarget "algoGameTest" */;
			buildPhases = (
				C32E30CA2069437D00D55114 /* Sources */,
				C32E30CB2069437D00D55114 /* Frameworks */,
				C32E30CC2069437D00D55114 /* Resources */,
			);
			buildRules = (
			);
			dependencies = (
			);
			name = algoGameTest;
			productName = algoGameTest;
			productReference = C32E30CE2069437D00D55114 /* algoGameTest.app */;
			productType = "com.apple.product-type.application";
		};
/* End PBXNativeTarget section */

/* Begin PBXProject section */
		C32E30C62069437D00D55114 /* Project object */ = {
			isa = PBXProject;
			attributes = {
				LastSwiftUpdateCheck = 0930;
				LastUpgradeCheck = 0930;
				ORGANIZATIONNAME = "Danny Chew";
				TargetAttributes = {
					C32E30CD2069437D00D55114 = {
						CreatedOnToolsVersion = 9.3;
					};
				};
			};
			buildConfigurationList = C32E30C92069437D00D55114 /* Build configuration list for PBXProject "algoGameTest" */;
			compatibilityVersion = "Xcode 9.3";
			developmentRegion = en;
			hasScannedForEncodings = 0;
			knownRegions = (
				en,
				Base,
			);
			mainGroup = C32E30C52069437D00D55114;
			productRefGroup = C32E30CF2069437D00D55114 /* Products */;
			projectDirPath = "";
			projectRoot = "";
			targets = (
				C32E30CD2069437D00D55114 /* algoGameTest */,
			);
		};
/* End PBXProject section */

/* Begin PBXResourcesBuildPhase section */
		C32E30CC2069437D00D55114 /* Resources */ = {
			isa = PBXResourcesBuildPhase;
			buildActionMask = 2147483647;
			files = (
				C32E30DC2069437F00D55114 /* LaunchScreen.storyboard in Resources */,
				C32E30D92069437F00D55114 /* Assets.xcassets in Resources */,
				C32E30D72069437D00D55114 /* Main.storyboard in Resources */,
			);
			runOnlyForDeploymentPostprocessing = 0;
		};
/* End PBXResourcesBuildPhase section */

/* Begin PBXSourcesBuildPhase section */
		C32E30CA2069437D00D55114 /* Sources */ = {
			isa = PBXSourcesBuildPhase;
			buildActionMask = 2147483647;
			files = (
				C32C2DBA2069790D00A5F418 /* FlatButton.swift in Sources */,
				C3690244206C86AD00367606 /* CGMutablePath+addArrowLine.swift in Sources */,
				C32C2DCA206B459400A5F418 /* OutputTracer.swift in Sources */,
				C3287C62206F34260073A9D6 /* CurrentContainer.swift in Sources */,
				C3EAFF6A206C158A0033CB89 /* Center+Force.swift in Sources */,
				C32E30E42069438900D55114 /* Bot.swift in Sources */,
				C3B2A0A6206E65980013A8EF /* BarViewController.swift in Sources */,
				C32E30EC206951AE00D55114 /* CircularProgress.swift in Sources */,
				C395718B206E966900993BC3 /* CodeVisualizer.swift in Sources */,
				C32C2DB820696D0000A5F418 /* ConsoleView.swift in Sources */,
				C32E30E8206945F700D55114 /* UIColor+FlatColorExtension.swift in Sources */,
				C32C2DC8206AEA8E00A5F418 /* Sort.swift in Sources */,
				C3690248206D1E7300367606 /* GraphViewController.swift in Sources */,
				C32E30D42069437D00D55114 /* ViewController.swift in Sources */,
				C32C2DC2206A9DC500A5F418 /* Graph.swift in Sources */,
				C3287C68206FB8C90073A9D6 /* UnderlineLabel.swift in Sources */,
				C314395120705A66002409C8 /* BotFadeTransition.swift in Sources */,
				C3B2A0A2206DE3250013A8EF /* BarView.swift in Sources */,
				C3287C66206F3F660073A9D6 /* TutorialViewController.swift in Sources */,
				C32E30D22069437D00D55114 /* AppDelegate.swift in Sources */,
				C3B2A0A8206E67DB0013A8EF /* Collection+Shuffle.swift in Sources */,
				C3690246206D175700367606 /* ForceDirectedGraph.swift in Sources */,
				C3143949206FFC9E002409C8 /* TracerViewController.swift in Sources */,
				C3B2A0AA206E8FB80013A8EF /* Pointer.swift in Sources */,
				C314394D207040F4002409C8 /* String+HeightExtension.swift in Sources */,
				C32E30E7206945F700D55114 /* UIBezierPath+Extension.swift in Sources */,
				C3EAFF6D206C22F80033CB89 /* System+Links.swift in Sources */,
				C3EAFF68206C134D0033CB89 /* Particles+View.swift in Sources */,
				C314394F20705638002409C8 /* CircularTransition.swift in Sources */,
				C3EAFF66206C11CA0033CB89 /* QuadTree.swift in Sources */,
				C32C2DB620696CA400A5F418 /* Theme.swift in Sources */,
				C32C2DC4206AC37700A5F418 /* Utils.swift in Sources */,
				C3287C64206F344F0073A9D6 /* ScoreArithmeticHUD.swift in Sources */,
				C395718D206E972B00993BC3 /* CodeString.swift in Sources */,
				C3143947206FEE7F002409C8 /* StatusViewController.swift in Sources */,
			);
			runOnlyForDeploymentPostprocessing = 0;
		};
/* End PBXSourcesBuildPhase section */

/* Begin PBXVariantGroup section */
		C32E30D52069437D00D55114 /* Main.storyboard */ = {
			isa = PBXVariantGroup;
			children = (
				C32E30D62069437D00D55114 /* Base */,
			);
			name = Main.storyboard;
			sourceTree = "<group>";
		};
		C32E30DA2069437F00D55114 /* LaunchScreen.storyboard */ = {
			isa = PBXVariantGroup;
			children = (
				C32E30DB2069437F00D55114 /* Base */,
			);
			name = LaunchScreen.storyboard;
			sourceTree = "<group>";
		};
/* End PBXVariantGroup section */

/* Begin XCBuildConfiguration section */
		C32E30DE2069437F00D55114 /* Debug */ = {
			isa = XCBuildConfiguration;
			buildSettings = {
				ALWAYS_SEARCH_USER_PATHS = NO;
				CLANG_ANALYZER_NONNULL = YES;
				CLANG_ANALYZER_NUMBER_OBJECT_CONVERSION = YES_AGGRESSIVE;
				CLANG_CXX_LANGUAGE_STANDARD = "gnu++14";
				CLANG_CXX_LIBRARY = "libc++";
				CLANG_ENABLE_MODULES = YES;
				CLANG_ENABLE_OBJC_ARC = YES;
				CLANG_ENABLE_OBJC_WEAK = YES;
				CLANG_WARN_BLOCK_CAPTURE_AUTORELEASING = YES;
				CLANG_WARN_BOOL_CONVERSION = YES;
				CLANG_WARN_COMMA = YES;
				CLANG_WARN_CONSTANT_CONVERSION = YES;
				CLANG_WARN_DEPRECATED_OBJC_IMPLEMENTATIONS = YES;
				CLANG_WARN_DIRECT_OBJC_ISA_USAGE = YES_ERROR;
				CLANG_WARN_DOCUMENTATION_COMMENTS = YES;
				CLANG_WARN_EMPTY_BODY = YES;
				CLANG_WARN_ENUM_CONVERSION = YES;
				CLANG_WARN_INFINITE_RECURSION = YES;
				CLANG_WARN_INT_CONVERSION = YES;
				CLANG_WARN_NON_LITERAL_NULL_CONVERSION = YES;
				CLANG_WARN_OBJC_IMPLICIT_RETAIN_SELF = YES;
				CLANG_WARN_OBJC_LITERAL_CONVERSION = YES;
				CLANG_WARN_OBJC_ROOT_CLASS = YES_ERROR;
				CLANG_WARN_RANGE_LOOP_ANALYSIS = YES;
				CLANG_WARN_STRICT_PROTOTYPES = YES;
				CLANG_WARN_SUSPICIOUS_MOVE = YES;
				CLANG_WARN_UNGUARDED_AVAILABILITY = YES_AGGRESSIVE;
				CLANG_WARN_UNREACHABLE_CODE = YES;
				CLANG_WARN__DUPLICATE_METHOD_MATCH = YES;
				CODE_SIGN_IDENTITY = "iPhone Developer";
				COPY_PHASE_STRIP = NO;
				DEBUG_INFORMATION_FORMAT = dwarf;
				ENABLE_STRICT_OBJC_MSGSEND = YES;
				ENABLE_TESTABILITY = YES;
				GCC_C_LANGUAGE_STANDARD = gnu11;
				GCC_DYNAMIC_NO_PIC = NO;
				GCC_NO_COMMON_BLOCKS = YES;
				GCC_OPTIMIZATION_LEVEL = 0;
				GCC_PREPROCESSOR_DEFINITIONS = (
					"DEBUG=1",
					"$(inherited)",
				);
				GCC_WARN_64_TO_32_BIT_CONVERSION = YES;
				GCC_WARN_ABOUT_RETURN_TYPE = YES_ERROR;
				GCC_WARN_UNDECLARED_SELECTOR = YES;
				GCC_WARN_UNINITIALIZED_AUTOS = YES_AGGRESSIVE;
				GCC_WARN_UNUSED_FUNCTION = YES;
				GCC_WARN_UNUSED_VARIABLE = YES;
				IPHONEOS_DEPLOYMENT_TARGET = 11.3;
				MTL_ENABLE_DEBUG_INFO = YES;
				ONLY_ACTIVE_ARCH = YES;
				SDKROOT = iphoneos;
				SWIFT_ACTIVE_COMPILATION_CONDITIONS = DEBUG;
				SWIFT_OPTIMIZATION_LEVEL = "-Onone";
			};
			name = Debug;
		};
		C32E30DF2069437F00D55114 /* Release */ = {
			isa = XCBuildConfiguration;
			buildSettings = {
				ALWAYS_SEARCH_USER_PATHS = NO;
				CLANG_ANALYZER_NONNULL = YES;
				CLANG_ANALYZER_NUMBER_OBJECT_CONVERSION = YES_AGGRESSIVE;
				CLANG_CXX_LANGUAGE_STANDARD = "gnu++14";
				CLANG_CXX_LIBRARY = "libc++";
				CLANG_ENABLE_MODULES = YES;
				CLANG_ENABLE_OBJC_ARC = YES;
				CLANG_ENABLE_OBJC_WEAK = YES;
				CLANG_WARN_BLOCK_CAPTURE_AUTORELEASING = YES;
				CLANG_WARN_BOOL_CONVERSION = YES;
				CLANG_WARN_COMMA = YES;
				CLANG_WARN_CONSTANT_CONVERSION = YES;
				CLANG_WARN_DEPRECATED_OBJC_IMPLEMENTATIONS = YES;
				CLANG_WARN_DIRECT_OBJC_ISA_USAGE = YES_ERROR;
				CLANG_WARN_DOCUMENTATION_COMMENTS = YES;
				CLANG_WARN_EMPTY_BODY = YES;
				CLANG_WARN_ENUM_CONVERSION = YES;
				CLANG_WARN_INFINITE_RECURSION = YES;
				CLANG_WARN_INT_CONVERSION = YES;
				CLANG_WARN_NON_LITERAL_NULL_CONVERSION = YES;
				CLANG_WARN_OBJC_IMPLICIT_RETAIN_SELF = YES;
				CLANG_WARN_OBJC_LITERAL_CONVERSION = YES;
				CLANG_WARN_OBJC_ROOT_CLASS = YES_ERROR;
				CLANG_WARN_RANGE_LOOP_ANALYSIS = YES;
				CLANG_WARN_STRICT_PROTOTYPES = YES;
				CLANG_WARN_SUSPICIOUS_MOVE = YES;
				CLANG_WARN_UNGUARDED_AVAILABILITY = YES_AGGRESSIVE;
				CLANG_WARN_UNREACHABLE_CODE = YES;
				CLANG_WARN__DUPLICATE_METHOD_MATCH = YES;
				CODE_SIGN_IDENTITY = "iPhone Developer";
				COPY_PHASE_STRIP = NO;
				DEBUG_INFORMATION_FORMAT = "dwarf-with-dsym";
				ENABLE_NS_ASSERTIONS = NO;
				ENABLE_STRICT_OBJC_MSGSEND = YES;
				GCC_C_LANGUAGE_STANDARD = gnu11;
				GCC_NO_COMMON_BLOCKS = YES;
				GCC_WARN_64_TO_32_BIT_CONVERSION = YES;
				GCC_WARN_ABOUT_RETURN_TYPE = YES_ERROR;
				GCC_WARN_UNDECLARED_SELECTOR = YES;
				GCC_WARN_UNINITIALIZED_AUTOS = YES_AGGRESSIVE;
				GCC_WARN_UNUSED_FUNCTION = YES;
				GCC_WARN_UNUSED_VARIABLE = YES;
				IPHONEOS_DEPLOYMENT_TARGET = 11.3;
				MTL_ENABLE_DEBUG_INFO = NO;
				SDKROOT = iphoneos;
				SWIFT_COMPILATION_MODE = wholemodule;
				SWIFT_OPTIMIZATION_LEVEL = "-O";
				VALIDATE_PRODUCT = YES;
			};
			name = Release;
		};
		C32E30E12069437F00D55114 /* Debug */ = {
			isa = XCBuildConfiguration;
			buildSettings = {
				ASSETCATALOG_COMPILER_APPICON_NAME = AppIcon;
				CODE_SIGN_STYLE = Automatic;
				DEVELOPMENT_TEAM = 52WEQQQYZC;
				INFOPLIST_FILE = algoGameTest/Info.plist;
				LD_RUNPATH_SEARCH_PATHS = (
					"$(inherited)",
					"@executable_path/Frameworks",
				);
				PRODUCT_BUNDLE_IDENTIFIER = testtest.algoGameTest;
				PRODUCT_NAME = "$(TARGET_NAME)";
				SWIFT_VERSION = 4.0;
				TARGETED_DEVICE_FAMILY = "1,2";
			};
			name = Debug;
		};
		C32E30E22069437F00D55114 /* Release */ = {
			isa = XCBuildConfiguration;
			buildSettings = {
				ASSETCATALOG_COMPILER_APPICON_NAME = AppIcon;
				CODE_SIGN_STYLE = Automatic;
				DEVELOPMENT_TEAM = 52WEQQQYZC;
				INFOPLIST_FILE = algoGameTest/Info.plist;
				LD_RUNPATH_SEARCH_PATHS = (
					"$(inherited)",
					"@executable_path/Frameworks",
				);
				PRODUCT_BUNDLE_IDENTIFIER = testtest.algoGameTest;
				PRODUCT_NAME = "$(TARGET_NAME)";
				SWIFT_VERSION = 4.0;
				TARGETED_DEVICE_FAMILY = "1,2";
			};
			name = Release;
		};
/* End XCBuildConfiguration section */

/* Begin XCConfigurationList section */
		C32E30C92069437D00D55114 /* Build configuration list for PBXProject "algoGameTest" */ = {
			isa = XCConfigurationList;
			buildConfigurations = (
				C32E30DE2069437F00D55114 /* Debug */,
				C32E30DF2069437F00D55114 /* Release */,
			);
			defaultConfigurationIsVisible = 0;
			defaultConfigurationName = Release;
		};
		C32E30E02069437F00D55114 /* Build configuration list for PBXNativeTarget "algoGameTest" */ = {
			isa = XCConfigurationList;
			buildConfigurations = (
				C32E30E12069437F00D55114 /* Debug */,
				C32E30E22069437F00D55114 /* Release */,
			);
			defaultConfigurationIsVisible = 0;
			defaultConfigurationName = Release;
		};
/* End XCConfigurationList section */
	};
	rootObject = C32E30C62069437D00D55114 /* Project object */;
}
